github.com/McShelby/hugo-theme-relearn v0.0.0-20231103223729-32a23dbf4400 h1:xWG9Mq/0oeKnuzz7LtNJrvwg1Df0LO+vQwHGjhqKXnA=
github.com/McShelby/hugo-theme-relearn v0.0.0-20231103223729-32a23dbf4400/go.mod h1:mKQQdxZNIlLvAj8X3tMq+RzntIJSr9z7XdzuMomt0IM=
github.com/McShelby/hugo-theme-relearn v0.0.0-20240121131944-13b451368861 h1:rJrw/uIvoldK1MKTz9tIjSLAlCuDLG9KoksP4BCy33g=
github.com/McShelby/hugo-theme-relearn v0.0.0-20240121131944-13b451368861/go.mod h1:mKQQdxZNIlLvAj8X3tMq+RzntIJSr9z7XdzuMomt0IM=
github.com/McShelby/hugo-theme-relearn v0.0.0-20240217004058-fe7f9a8764e3 h1:fpEagigEo9/AvC+90KuNMaF8Z8+Lg2rnEK6K7Ee/2WU=
github.com/McShelby/hugo-theme-relearn v0.0.0-20240217004058-fe7f9a8764e3/go.mod h1:mKQQdxZNIlLvAj8X3tMq+RzntIJSr9z7XdzuMomt0IM=
github.com/McShelby/hugo-theme-relearn v0.0.0-20240218000016-6ec990abb577 h1:KRvzdlf2Hnpr1dBS1V6iDpTVLcNPOqMdZbefmXIDZrI=
github.com/McShelby/hugo-theme-relearn v0.0.0-20240218000016-6ec990abb577/go.mod h1:mKQQdxZNIlLvAj8X3tMq+RzntIJSr9z7XdzuMomt0IM=
github.com/McShelby/hugo-theme-relearn v0.0.0-20240218000026-07542867aa33 h1:qUuJo9YnkECie8MOzSdunlnqLjM5cALoZ9AZkxfes6s=
github.com/McShelby/hugo-theme-relearn v0.0.0-20240218000026-07542867aa33/go.mod h1:mKQQdxZNIlLvAj8X3tMq+RzntIJSr9z7XdzuMomt0IM=
